
Microsoft Visual Studio Solution File, Format Version 12.00
# Visual Studio 15
VisualStudioVersion = 15.0.28307.779
MinimumVisualStudioVersion = 10.0.40219.1
Project("{8BC9CEB8-8B4A-11D0-8D11-00A0C91BC942}") = "2331 T07", "2331 T07\2331 T07.vcxproj", "{D4FC1B4D-BD0E-48CA-B620-F11B4A633E7B}"
EndProject
Global
	GlobalSection(SolutionConfigurationPlatforms) = preSolution
		Debug|x64 = Debug|x64
		Debug|x86 = Debug|x86
		Release|x64 = Release|x64
		Release|x86 = Release|x86
	EndGlobalSection
	GlobalSection(ProjectConfigurationPlatforms) = postSolution
		{D4FC1B4D-BD0E-48CA-B620-F11B4A633E7B}.Debug|x64.ActiveCfg = Debug|x64
		{D4FC1B4D-BD0E-48CA-B620-F11B4A633E7B}.Debug|x64.Build.0 = Debug|x64
		{D4FC1B4D-BD0E-48CA-B620-F11B4A633E7B}.Debug|x86.ActiveCfg = Debug|Win32
		{D4FC1B4D-BD0E-48CA-B620-F11B4A633E7B}.Debug|x86.Build.0 = Debug|Win32
		{D4FC1B4D-BD0E-48CA-B620-F11B4A633E7B}.Release|x64.ActiveCfg = Release|x64
		{D4FC1B4D-BD0E-48CA-B620-F11B4A633E7B}.Release|x64.Build.0 = Release|x64
		{D4FC1B4D-BD0E-48CA-B620-F11B4A633E7B}.Release|x86.ActiveCfg = Release|Win32
		{D4FC1B4D-BD0E-48CA-B620-F11B4A633E7B}.Release|x86.Build.0 = Release|Win32
	EndGlobalSection
	GlobalSection(SolutionProperties) = preSolution
		HideSolutionNode = FALSE
	EndGlobalSection
	GlobalSection(ExtensibilityGlobals) = postSolution
		SolutionGuid = {1FE47B3B-CA0F-4972-AF4E-645FFAAC297E}
	EndGlobalSection
EndGlobal
